
Microsoft Visual Studio Solution File, Format Version 12.00
# Visual Studio Version 17
VisualStudioVersion = 17.0.31919.166
MinimumVisualStudioVersion = 10.0.40219.1
Project("{FAE04EC0-301F-11D3-BF4B-00C04F79EFBC}") = "WallVolume", "WallVolume\WallVolume.csproj", "{A0C3798A-412B-40E2-A6B1-2DC42B9F792E}"
EndProject
Global
	GlobalSection(SolutionConfigurationPlatforms) = preSolution
		Debug|Any CPU = Debug|Any CPU
		Release|Any CPU = Release|Any CPU
	EndGlobalSection
	GlobalSection(ProjectConfigurationPlatforms) = postSolution
		{A0C3798A-412B-40E2-A6B1-2DC42B9F792E}.Debug|Any CPU.ActiveCfg = Debug|Any CPU
		{A0C3798A-412B-40E2-A6B1-2DC42B9F792E}.Debug|Any CPU.Build.0 = Debug|Any CPU
		{A0C3798A-412B-40E2-A6B1-2DC42B9F792E}.Release|Any CPU.ActiveCfg = Release|Any CPU
		{A0C3798A-412B-40E2-A6B1-2DC42B9F792E}.Release|Any CPU.Build.0 = Release|Any CPU
	EndGlobalSection
	GlobalSection(SolutionProperties) = preSolution
		HideSolutionNode = FALSE
	EndGlobalSection
	GlobalSection(ExtensibilityGlobals) = postSolution
		SolutionGuid = {BFB5783B-7C9F-41B7-AC0D-E9510734D4CB}
	EndGlobalSection
EndGlobal
